
Microsoft Visual Studio Solution File, Format Version 12.00
# Visual Studio Version 17
VisualStudioVersion = 17.8.34322.80
MinimumVisualStudioVersion = 10.0.40219.1
Project("{9A19103F-16F7-4668-BE54-9A1E7A4F7556}") = "KlantenService_Steam_Framework", "KlantenService_Steam_Framework.csproj", "{A772A689-23FC-49B7-9B97-C6A6EFB9DB52}"
EndProject
Global
	GlobalSection(SolutionConfigurationPlatforms) = preSolution
		Debug|Any CPU = Debug|Any CPU
		Release|Any CPU = Release|Any CPU
	EndGlobalSection
	GlobalSection(ProjectConfigurationPlatforms) = postSolution
		{A772A689-23FC-49B7-9B97-C6A6EFB9DB52}.Debug|Any CPU.ActiveCfg = Debug|Any CPU
		{A772A689-23FC-49B7-9B97-C6A6EFB9DB52}.Debug|Any CPU.Build.0 = Debug|Any CPU
		{A772A689-23FC-49B7-9B97-C6A6EFB9DB52}.Release|Any CPU.ActiveCfg = Release|Any CPU
		{A772A689-23FC-49B7-9B97-C6A6EFB9DB52}.Release|Any CPU.Build.0 = Release|Any CPU
	EndGlobalSection
	GlobalSection(SolutionProperties) = preSolution
		HideSolutionNode = FALSE
	EndGlobalSection
	GlobalSection(ExtensibilityGlobals) = postSolution
		SolutionGuid = {A9441C92-B8B7-4C9B-8649-79C6D7B4D040}
	EndGlobalSection
EndGlobal
